
Microsoft Visual Studio Solution File, Format Version 12.00
# Visual Studio Version 16
VisualStudioVersion = 16.0.28803.452
MinimumVisualStudioVersion = 10.0.40219.1
Project("{9A19103F-16F7-4668-BE54-9A1E7A4F7556}") = "UiFramework.V2", "UiFramework\UiFramework.V2.csproj", "{F60EA0E7-BB4B-4B2F-85FF-0829508E719E}"
EndProject
Project("{FAE04EC0-301F-11D3-BF4B-00C04F79EFBC}") = "UiFramework.V2.Forms", "UiFramework.V2.Forms\UiFramework.V2.Forms.csproj", "{96B7E195-3BC5-4053-8946-CA5C8723F9C0}"
EndProject
Project("{FAE04EC0-301F-11D3-BF4B-00C04F79EFBC}") = "UiFramework.V2.iOS", "UiFramework.V2.iOS\UiFramework.V2.iOS.csproj", "{987594E8-6312-4583-9DEF-D4A9AED0088A}"
EndProject
Project("{FAE04EC0-301F-11D3-BF4B-00C04F79EFBC}") = "Demo.Android", "Demo\Demo.Android\Demo.Android.csproj", "{94D9537B-F576-426E-BF28-A2BA0F12CAA6}"
EndProject
Project("{FAE04EC0-301F-11D3-BF4B-00C04F79EFBC}") = "Demo.iOS", "Demo\Demo.iOS\Demo.iOS.csproj", "{62B30E69-202F-4BB2-AFD8-6A4F31DE2BC1}"
EndProject
Project("{FAE04EC0-301F-11D3-BF4B-00C04F79EFBC}") = "Demo", "Demo\Demo\Demo.csproj", "{F1FC423C-74BE-4907-AF80-2E437ABB7676}"
EndProject
Project("{FAE04EC0-301F-11D3-BF4B-00C04F79EFBC}") = "UiFramework.V2.Android", "UiFramework.V2.Android\UiFramework.V2.Android.csproj", "{903867CB-FE45-495D-893F-A45DE6F55D8C}"
EndProject
Global
	GlobalSection(SolutionConfigurationPlatforms) = preSolution
		Debug|Any CPU = Debug|Any CPU
		Debug|iPhone = Debug|iPhone
		Debug|iPhoneSimulator = Debug|iPhoneSimulator
		Release|Any CPU = Release|Any CPU
		Release|iPhone = Release|iPhone
		Release|iPhoneSimulator = Release|iPhoneSimulator
	EndGlobalSection
	GlobalSection(ProjectConfigurationPlatforms) = postSolution
		{F60EA0E7-BB4B-4B2F-85FF-0829508E719E}.Debug|Any CPU.ActiveCfg = Debug|Any CPU
		{F60EA0E7-BB4B-4B2F-85FF-0829508E719E}.Debug|Any CPU.Build.0 = Debug|Any CPU
		{F60EA0E7-BB4B-4B2F-85FF-0829508E719E}.Debug|iPhone.ActiveCfg = Debug|Any CPU
		{F60EA0E7-BB4B-4B2F-85FF-0829508E719E}.Debug|iPhone.Build.0 = Debug|Any CPU
		{F60EA0E7-BB4B-4B2F-85FF-0829508E719E}.Debug|iPhoneSimulator.ActiveCfg = Debug|Any CPU
		{F60EA0E7-BB4B-4B2F-85FF-0829508E719E}.Debug|iPhoneSimulator.Build.0 = Debug|Any CPU
		{F60EA0E7-BB4B-4B2F-85FF-0829508E719E}.Release|Any CPU.ActiveCfg = Release|Any CPU
		{F60EA0E7-BB4B-4B2F-85FF-0829508E719E}.Release|Any CPU.Build.0 = Release|Any CPU
		{F60EA0E7-BB4B-4B2F-85FF-0829508E719E}.Release|iPhone.ActiveCfg = Release|Any CPU
		{F60EA0E7-BB4B-4B2F-85FF-0829508E719E}.Release|iPhone.Build.0 = Release|Any CPU
		{F60EA0E7-BB4B-4B2F-85FF-0829508E719E}.Release|iPhoneSimulator.ActiveCfg = Release|Any CPU
		{F60EA0E7-BB4B-4B2F-85FF-0829508E719E}.Release|iPhoneSimulator.Build.0 = Release|Any CPU
		{96B7E195-3BC5-4053-8946-CA5C8723F9C0}.Debug|Any CPU.ActiveCfg = Debug|Any CPU
		{96B7E195-3BC5-4053-8946-CA5C8723F9C0}.Debug|Any CPU.Build.0 = Debug|Any CPU
		{96B7E195-3BC5-4053-8946-CA5C8723F9C0}.Debug|iPhone.ActiveCfg = Debug|Any CPU
		{96B7E195-3BC5-4053-8946-CA5C8723F9C0}.Debug|iPhone.Build.0 = Debug|Any CPU
		{96B7E195-3BC5-4053-8946-CA5C8723F9C0}.Debug|iPhoneSimulator.ActiveCfg = Debug|Any CPU
		{96B7E195-3BC5-4053-8946-CA5C8723F9C0}.Debug|iPhoneSimulator.Build.0 = Debug|Any CPU
		{96B7E195-3BC5-4053-8946-CA5C8723F9C0}.Release|Any CPU.ActiveCfg = Release|Any CPU
		{96B7E195-3BC5-4053-8946-CA5C8723F9C0}.Release|Any CPU.Build.0 = Release|Any CPU
		{96B7E195-3BC5-4053-8946-CA5C8723F9C0}.Release|iPhone.ActiveCfg = Release|Any CPU
		{96B7E195-3BC5-4053-8946-CA5C8723F9C0}.Release|iPhone.Build.0 = Release|Any CPU
		{96B7E195-3BC5-4053-8946-CA5C8723F9C0}.Release|iPhoneSimulator.ActiveCfg = Release|Any CPU
		{96B7E195-3BC5-4053-8946-CA5C8723F9C0}.Release|iPhoneSimulator.Build.0 = Release|Any CPU
		{987594E8-6312-4583-9DEF-D4A9AED0088A}.Debug|Any CPU.ActiveCfg = Debug|Any CPU
		{987594E8-6312-4583-9DEF-D4A9AED0088A}.Debug|Any CPU.Build.0 = Debug|Any CPU
		{987594E8-6312-4583-9DEF-D4A9AED0088A}.Debug|iPhone.ActiveCfg = Debug|Any CPU
		{987594E8-6312-4583-9DEF-D4A9AED0088A}.Debug|iPhone.Build.0 = Debug|Any CPU
		{987594E8-6312-4583-9DEF-D4A9AED0088A}.Debug|iPhoneSimulator.ActiveCfg = Debug|Any CPU
		{987594E8-6312-4583-9DEF-D4A9AED0088A}.Debug|iPhoneSimulator.Build.0 = Debug|Any CPU
		{987594E8-6312-4583-9DEF-D4A9AED0088A}.Release|Any CPU.ActiveCfg = Release|Any CPU
		{987594E8-6312-4583-9DEF-D4A9AED0088A}.Release|Any CPU.Build.0 = Release|Any CPU
		{987594E8-6312-4583-9DEF-D4A9AED0088A}.Release|iPhone.ActiveCfg = Release|Any CPU
		{987594E8-6312-4583-9DEF-D4A9AED0088A}.Release|iPhone.Build.0 = Release|Any CPU
		{987594E8-6312-4583-9DEF-D4A9AED0088A}.Release|iPhoneSimulator.ActiveCfg = Release|Any CPU
		{987594E8-6312-4583-9DEF-D4A9AED0088A}.Release|iPhoneSimulator.Build.0 = Release|Any CPU
		{94D9537B-F576-426E-BF28-A2BA0F12CAA6}.Debug|Any CPU.ActiveCfg = Debug|Any CPU
		{94D9537B-F576-426E-BF28-A2BA0F12CAA6}.Debug|Any CPU.Build.0 = Debug|Any CPU
		{94D9537B-F576-426E-BF28-A2BA0F12CAA6}.Debug|Any CPU.Deploy.0 = Debug|Any CPU
		{94D9537B-F576-426E-BF28-A2BA0F12CAA6}.Debug|iPhone.ActiveCfg = Debug|Any CPU
		{94D9537B-F576-426E-BF28-A2BA0F12CAA6}.Debug|iPhone.Build.0 = Debug|Any CPU
		{94D9537B-F576-426E-BF28-A2BA0F12CAA6}.Debug|iPhone.Deploy.0 = Debug|Any CPU
		{94D9537B-F576-426E-BF28-A2BA0F12CAA6}.Debug|iPhoneSimulator.ActiveCfg = Debug|Any CPU
		{94D9537B-F576-426E-BF28-A2BA0F12CAA6}.Debug|iPhoneSimulator.Build.0 = Debug|Any CPU
		{94D9537B-F576-426E-BF28-A2BA0F12CAA6}.Debug|iPhoneSimulator.Deploy.0 = Debug|Any CPU
		{94D9537B-F576-426E-BF28-A2BA0F12CAA6}.Release|Any CPU.ActiveCfg = Release|Any CPU
		{94D9537B-F576-426E-BF28-A2BA0F12CAA6}.Release|Any CPU.Build.0 = Release|Any CPU
		{94D9537B-F576-426E-BF28-A2BA0F12CAA6}.Release|Any CPU.Deploy.0 = Release|Any CPU
		{94D9537B-F576-426E-BF28-A2BA0F12CAA6}.Release|iPhone.ActiveCfg = Release|Any CPU
		{94D9537B-F576-426E-BF28-A2BA0F12CAA6}.Release|iPhone.Build.0 = Release|Any CPU
		{94D9537B-F576-426E-BF28-A2BA0F12CAA6}.Release|iPhone.Deploy.0 = Release|Any CPU
		{94D9537B-F576-426E-BF28-A2BA0F12CAA6}.Release|iPhoneSimulator.ActiveCfg = Release|Any CPU
		{94D9537B-F576-426E-BF28-A2BA0F12CAA6}.Release|iPhoneSimulator.Build.0 = Release|Any CPU
		{94D9537B-F576-426E-BF28-A2BA0F12CAA6}.Release|iPhoneSimulator.Deploy.0 = Release|Any CPU
		{62B30E69-202F-4BB2-AFD8-6A4F31DE2BC1}.Debug|Any CPU.ActiveCfg = Debug|iPhone
		{62B30E69-202F-4BB2-AFD8-6A4F31DE2BC1}.Debug|iPhone.ActiveCfg = Debug|iPhone
		{62B30E69-202F-4BB2-AFD8-6A4F31DE2BC1}.Debug|iPhone.Build.0 = Debug|iPhone
		{62B30E69-202F-4BB2-AFD8-6A4F31DE2BC1}.Debug|iPhoneSimulator.ActiveCfg = Debug|iPhoneSimulator
		{62B30E69-202F-4BB2-AFD8-6A4F31DE2BC1}.Debug|iPhoneSimulator.Build.0 = Debug|iPhoneSimulator
		{62B30E69-202F-4BB2-AFD8-6A4F31DE2BC1}.Release|Any CPU.ActiveCfg = Release|iPhone
		{62B30E69-202F-4BB2-AFD8-6A4F31DE2BC1}.Release|iPhone.ActiveCfg = Release|iPhone
		{62B30E69-202F-4BB2-AFD8-6A4F31DE2BC1}.Release|iPhone.Build.0 = Release|iPhone
		{62B30E69-202F-4BB2-AFD8-6A4F31DE2BC1}.Release|iPhoneSimulator.ActiveCfg = Release|iPhoneSimulator
		{62B30E69-202F-4BB2-AFD8-6A4F31DE2BC1}.Release|iPhoneSimulator.Build.0 = Release|iPhoneSimulator
		{F1FC423C-74BE-4907-AF80-2E437ABB7676}.Debug|Any CPU.ActiveCfg = Debug|Any CPU
		{F1FC423C-74BE-4907-AF80-2E437ABB7676}.Debug|Any CPU.Build.0 = Debug|Any CPU
		{F1FC423C-74BE-4907-AF80-2E437ABB7676}.Debug|iPhone.ActiveCfg = Debug|Any CPU
		{F1FC423C-74BE-4907-AF80-2E437ABB7676}.Debug|iPhone.Build.0 = Debug|Any CPU
		{F1FC423C-74BE-4907-AF80-2E437ABB7676}.Debug|iPhoneSimulator.ActiveCfg = Debug|Any CPU
		{F1FC423C-74BE-4907-AF80-2E437ABB7676}.Debug|iPhoneSimulator.Build.0 = Debug|Any CPU
		{F1FC423C-74BE-4907-AF80-2E437ABB7676}.Release|Any CPU.ActiveCfg = Release|Any CPU
		{F1FC423C-74BE-4907-AF80-2E437ABB7676}.Release|Any CPU.Build.0 = Release|Any CPU
		{F1FC423C-74BE-4907-AF80-2E437ABB7676}.Release|iPhone.ActiveCfg = Release|Any CPU
		{F1FC423C-74BE-4907-AF80-2E437ABB7676}.Release|iPhone.Build.0 = Release|Any CPU
		{F1FC423C-74BE-4907-AF80-2E437ABB7676}.Release|iPhoneSimulator.ActiveCfg = Release|Any CPU
		{F1FC423C-74BE-4907-AF80-2E437ABB7676}.Release|iPhoneSimulator.Build.0 = Release|Any CPU
		{903867CB-FE45-495D-893F-A45DE6F55D8C}.Debug|Any CPU.ActiveCfg = Debug|Any CPU
		{903867CB-FE45-495D-893F-A45DE6F55D8C}.Debug|Any CPU.Build.0 = Debug|Any CPU
		{903867CB-FE45-495D-893F-A45DE6F55D8C}.Debug|iPhone.ActiveCfg = Debug|Any CPU
		{903867CB-FE45-495D-893F-A45DE6F55D8C}.Debug|iPhone.Build.0 = Debug|Any CPU
		{903867CB-FE45-495D-893F-A45DE6F55D8C}.Debug|iPhoneSimulator.ActiveCfg = Debug|Any CPU
		{903867CB-FE45-495D-893F-A45DE6F55D8C}.Debug|iPhoneSimulator.Build.0 = Debug|Any CPU
		{903867CB-FE45-495D-893F-A45DE6F55D8C}.Release|Any CPU.ActiveCfg = Release|Any CPU
		{903867CB-FE45-495D-893F-A45DE6F55D8C}.Release|Any CPU.Build.0 = Release|Any CPU
		{903867CB-FE45-495D-893F-A45DE6F55D8C}.Release|iPhone.ActiveCfg = Release|Any CPU
		{903867CB-FE45-495D-893F-A45DE6F55D8C}.Release|iPhone.Build.0 = Release|Any CPU
		{903867CB-FE45-495D-893F-A45DE6F55D8C}.Release|iPhoneSimulator.ActiveCfg = Release|Any CPU
		{903867CB-FE45-495D-893F-A45DE6F55D8C}.Release|iPhoneSimulator.Build.0 = Release|Any CPU
	EndGlobalSection
	GlobalSection(SolutionProperties) = preSolution
		HideSolutionNode = FALSE
	EndGlobalSection
	GlobalSection(ExtensibilityGlobals) = postSolution
		SolutionGuid = {8D55A10C-02A3-4037-9145-3DD1561CEE52}
	EndGlobalSection
EndGlobal
